
Microsoft Visual Studio Solution File, Format Version 12.00
# Visual Studio Version 16
VisualStudioVersion = 16.0.33214.272
MinimumVisualStudioVersion = 10.0.40219.1
Project("{FAE04EC0-301F-11D3-BF4B-00C04F79EFBC}") = "DiscordVocalSender", "DiscordVocalSender\DiscordVocalSender.csproj", "{15AF74C5-F7DA-44E8-B9A5-17F9F96EFEAD}"
EndProject
Global
	GlobalSection(SolutionConfigurationPlatforms) = preSolution
		Debug|Any CPU = Debug|Any CPU
		NewRelease|Any CPU = NewRelease|Any CPU
		Release|Any CPU = Release|Any CPU
	EndGlobalSection
	GlobalSection(ProjectConfigurationPlatforms) = postSolution
		{15AF74C5-F7DA-44E8-B9A5-17F9F96EFEAD}.Debug|Any CPU.ActiveCfg = Debug|Any CPU
		{15AF74C5-F7DA-44E8-B9A5-17F9F96EFEAD}.Debug|Any CPU.Build.0 = Debug|Any CPU
		{15AF74C5-F7DA-44E8-B9A5-17F9F96EFEAD}.NewRelease|Any CPU.ActiveCfg = NewRelease|Any CPU
		{15AF74C5-F7DA-44E8-B9A5-17F9F96EFEAD}.NewRelease|Any CPU.Build.0 = NewRelease|Any CPU
		{15AF74C5-F7DA-44E8-B9A5-17F9F96EFEAD}.Release|Any CPU.ActiveCfg = Release|Any CPU
		{15AF74C5-F7DA-44E8-B9A5-17F9F96EFEAD}.Release|Any CPU.Build.0 = Release|Any CPU
	EndGlobalSection
	GlobalSection(SolutionProperties) = preSolution
		HideSolutionNode = FALSE
	EndGlobalSection
	GlobalSection(ExtensibilityGlobals) = postSolution
		SolutionGuid = {1FD617EE-88D6-45D9-BB50-7AE7D01E36B6}
	EndGlobalSection
EndGlobal
